{
  "name": "project-mirror-registry",
  "version": "0.0.4",
  "lockfileVersion": 3,
  "requires": true,
  "packages": {
    "": {
      "name": "project-mirror-registry",
      "version": "0.0.4",
      "license": "MIT",
      "dependencies": {
        "parsenbt-js": "^2.2.2"
      }
    },
    "node_modules/parsenbt-js": {
      "version": "2.2.2",
      "resolved": "https://registry.npmjs.org/parsenbt-js/-/parsenbt-js-2.2.2.tgz",
      "integrity": "sha512-iNRQyYQHsbT0XDys7Hiz5jSLz8gBq3oYOw0o7F8iAuZ6LKMX8yzA3NkHkciA9fDA3s8Vsh+payHdjDtIyiLj8w=="
    }
  }
}
