{
  "name": "project-mirror-registry",
  "version": "1.0.0",
  "lockfileVersion": 3,
  "requires": true,
  "packages": {
    "": {
      "name": "project-mirror-registry",
      "version": "1.0.0",
      "license": "MIT",
      "dependencies": {
        "parsenbt-js": "^3.0.4"
      }
    },
    "node_modules/parsenbt-js": {
      "version": "3.0.4",
      "resolved": "https://registry.npmjs.org/parsenbt-js/-/parsenbt-js-3.0.4.tgz",
      "integrity": "sha512-IhdNqca5qdJ+sIanWGojISf9MHi79sG1BDcQkidYRQWyF9wvDKPsQrrK47mr/bg462PJXRYE67dLlpTHvzQGyg=="
    }
  }
}
